# THIS IS AN AUTOGENERATED FILE. DO NOT EDIT THIS FILE DIRECTLY.
# yarn lockfile v1


fuzzysearch@^1.0.3:
  version "1.0.3"
  resolved "https://registry.yarnpkg.com/fuzzysearch/-/fuzzysearch-1.0.3.tgz#dffc80f6d6b04223f2226aa79dd194231096d008"
  integrity sha1-3/yA9tawQiPyImqnndGUIxCW0Ag=

jquery@^3.5.1:
  version "3.5.1"
  resolved "https://registry.yarnpkg.com/jquery/-/jquery-3.5.1.tgz#d7b4d08e1bfdb86ad2f1a3d039ea17304717abb5"
  integrity sha512-XwIBPqcMn57FxfT+Go5pzySnm4KWkT1Tv7gjrpT1srtf8Weynl6R273VJ5GjkRb51IzMp5nbaPjJXMWeju2MKg==

simple-jekyll-search@^1.9.1:
  version "1.9.1"
  resolved "https://registry.yarnpkg.com/simple-jekyll-search/-/simple-jekyll-search-1.9.1.tgz#2f50f8ce276daa6786474e8c571c43506b261763"
  integrity sha512-WL350X9codx5LoYXhGluYz/iE3DRJexHbYMvYXkdYyzjuwQ0Iuz43mpO5rpINgp2TriIiF3Xg7kpgIP9ewGUrw==
  dependencies:
    fuzzysearch "^1.0.3"
