# THIS IS AN AUTOGENERATED FILE. DO NOT EDIT THIS FILE DIRECTLY.
# yarn lockfile v1


fuzzysearch@^1.0.3:
  version "1.0.3"
  resolved "https://registry.yarnpkg.com/fuzzysearch/-/fuzzysearch-1.0.3.tgz#dffc80f6d6b04223f2226aa79dd194231096d008"
  integrity sha1-3/yA9tawQiPyImqnndGUIxCW0Ag=

jquery@^3.6.0:
  version "3.6.0"
  resolved "https://registry.yarnpkg.com/jquery/-/jquery-3.6.0.tgz#c72a09f15c1bdce142f49dbf1170bdf8adac2470"
  integrity sha512-JVzAR/AjBvVt2BmYhxRCSYysDsPcssdmTFnzyLEts9qNwmjmu4JTAMYubEfwVOSwpQ1I1sKKFcxhZCI2buerfw==

simple-jekyll-search@^1.10.0:
  version "1.10.0"
  resolved "https://registry.yarnpkg.com/simple-jekyll-search/-/simple-jekyll-search-1.10.0.tgz#706f6ee58c3ac4d9b8c9455f60398c7837b51479"
  integrity sha512-4SdHfAjEe9mngvj4wt8A7OsF9Rl3+onHY1ruQC+bUnecbNbdvzVcAbL+UH5mE+v2CWgUb95dyZjHhyqUGSa2hA==
  dependencies:
    fuzzysearch "^1.0.3"
