# THIS IS AN AUTOGENERATED FILE. DO NOT EDIT THIS FILE DIRECTLY.
# yarn lockfile v1


fuzzysearch@^1.0.3:
  version "1.0.3"
  resolved "https://registry.yarnpkg.com/fuzzysearch/-/fuzzysearch-1.0.3.tgz#dffc80f6d6b04223f2226aa79dd194231096d008"
  integrity sha1-3/yA9tawQiPyImqnndGUIxCW0Ag=

jquery@^3.5.1:
  version "3.5.1"
  resolved "https://registry.yarnpkg.com/jquery/-/jquery-3.5.1.tgz#d7b4d08e1bfdb86ad2f1a3d039ea17304717abb5"
  integrity sha512-XwIBPqcMn57FxfT+Go5pzySnm4KWkT1Tv7gjrpT1srtf8Weynl6R273VJ5GjkRb51IzMp5nbaPjJXMWeju2MKg==

simple-jekyll-search@^1.7.13:
  version "1.7.13"
  resolved "https://registry.yarnpkg.com/simple-jekyll-search/-/simple-jekyll-search-1.7.13.tgz#a43cb0e6af8c7cc2fb9a77485b048565858a7efb"
  integrity sha512-+r+bEzAhWZI15GtsGXqTVp4NYYmXvbLn4DGennRjOzVrugOTB9/s0NF8+/oLaDb8IEkOftzDVs7QtCmNfgZ8Ag==
  dependencies:
    fuzzysearch "^1.0.3"
